<Project xmlns="http://schemas.microsoft.com/developer/msbuild/2003">
    <PropertyGroup>
        <Base>True</Base>
        <AppType>Console</AppType>
        <Config Condition="'$(Config)'==''">Release</Config>
        <FrameworkType>None</FrameworkType>
        <MainSource>map2pdb.dpr</MainSource>
        <Platform Condition="'$(Platform)'==''">Win32</Platform>
        <ProjectGuid>{A25D649E-BB0F-4A61-B910-448B642CDDB3}</ProjectGuid>
        <ProjectName Condition="'$(ProjectName)'==''">map2pdb</ProjectName>
        <ProjectVersion>20.4</ProjectVersion>
        <TargetedPlatforms>3</TargetedPlatforms>
    </PropertyGroup>
    <PropertyGroup Condition="'$(Config)'=='Base' or '$(Base)'!=''">
        <Base>true</Base>
    </PropertyGroup>
    <PropertyGroup Condition="('$(Platform)'=='Win32' and '$(Base)'=='true') or '$(Base_Win32)'!=''">
        <Base_Win32>true</Base_Win32>
        <CfgParent>Base</CfgParent>
        <Base>true</Base>
    </PropertyGroup>
    <PropertyGroup Condition="('$(Platform)'=='Win64' and '$(Base)'=='true') or '$(Base_Win64)'!=''">
        <Base_Win64>true</Base_Win64>
        <CfgParent>Base</CfgParent>
        <Base>true</Base>
    </PropertyGroup>
    <PropertyGroup Condition="'$(Config)'=='Debug' or '$(Cfg_1)'!=''">
        <Cfg_1>true</Cfg_1>
        <CfgParent>Base</CfgParent>
        <Base>true</Base>
    </PropertyGroup>
    <PropertyGroup Condition="('$(Platform)'=='Win32' and '$(Cfg_1)'=='true') or '$(Cfg_1_Win32)'!=''">
        <Cfg_1_Win32>true</Cfg_1_Win32>
        <CfgParent>Cfg_1</CfgParent>
        <Cfg_1>true</Cfg_1>
        <Base>true</Base>
    </PropertyGroup>
    <PropertyGroup Condition="'$(Config)'=='Release' or '$(Cfg_2)'!=''">
        <Cfg_2>true</Cfg_2>
        <CfgParent>Base</CfgParent>
        <Base>true</Base>
    </PropertyGroup>
    <PropertyGroup Condition="('$(Platform)'=='Win32' and '$(Cfg_2)'=='true') or '$(Cfg_2_Win32)'!=''">
        <Cfg_2_Win32>true</Cfg_2_Win32>
        <CfgParent>Cfg_2</CfgParent>
        <Cfg_2>true</Cfg_2>
        <Base>true</Base>
    </PropertyGroup>
    <PropertyGroup Condition="('$(Platform)'=='Win64' and '$(Cfg_2)'=='true') or '$(Cfg_2_Win64)'!=''">
        <Cfg_2_Win64>true</Cfg_2_Win64>
        <CfgParent>Cfg_2</CfgParent>
        <Cfg_2>true</Cfg_2>
        <Base>true</Base>
    </PropertyGroup>
    <PropertyGroup Condition="'$(Base)'!=''">
        <SanitizedProjectName>map2pdb</SanitizedProjectName>
        <DCC_DcuOutput>..\Lib\$(Platform)\$(Config)</DCC_DcuOutput>
        <DCC_ExeOutput>..\Bin\$(Platform)\$(Config)</DCC_ExeOutput>
        <DCC_MapFile>3</DCC_MapFile>
        <DCC_Namespace>System;Xml;Data;Datasnap;Web;Soap;$(DCC_Namespace)</DCC_Namespace>
        <VerInfo_AutoGenVersion>true</VerInfo_AutoGenVersion>
        <VerInfo_IncludeVerInfo>true</VerInfo_IncludeVerInfo>
        <VerInfo_Keys>CompanyName=;FileDescription=$(MSBuildProjectName);FileVersion=3.5.0.0;InternalName=;LegalCopyright=;LegalTrademarks=;OriginalFilename=;ProgramID=com.embarcadero.$(MSBuildProjectName);ProductName=$(MSBuildProjectName);ProductVersion=1.0.0.0;Comments=</VerInfo_Keys>
        <VerInfo_Locale>1033</VerInfo_Locale>
        <VerInfo_MajorVer>3</VerInfo_MajorVer>
        <VerInfo_MinorVer>5</VerInfo_MinorVer>
    </PropertyGroup>
    <PropertyGroup Condition="'$(Base_Win32)'!=''">
        <AppDPIAwarenessMode>none</AppDPIAwarenessMode>
        <BT_BuildType>Debug</BT_BuildType>
        <DCC_ConsoleTarget>true</DCC_ConsoleTarget>
        <DCC_Namespace>Winapi;System.Win;Data.Win;Datasnap.Win;Web.Win;Soap.Win;Xml.Win;Bde;$(DCC_Namespace)</DCC_Namespace>
        <DCC_UsePackage>DBXSqliteDriver;RESTComponents;fmxase;DBXDb2Driver;DBXInterBaseDriver;dxFlowChartRS26;dxPSdxMapControlLnkRS26;vclactnband;dxBarRS26;vclFireDAC;dxPScxExtCommonRS26;emsclientfiredac;tethering;svnui;DataSnapFireDAC;FireDACADSDriver;TeeGL926;DBXMSSQLDriver;dxRichEditCoreRS26;dxPSdxSpreadSheetLnkRS26;dxRichEditControlRS26;DatasnapConnectorsFreePascal;FireDACMSSQLDriver;dxGaugeControlRS26;vcltouch;dxorgcRS26;dxPScxVGridLnkRS26;vcldb;svn;DBXOracleDriver;dxOrgChartAdvancedCustomizeFormRS26;inetdb;dxBarDBNavRS26;dxDBXServerModeRS26;dxGDIPlusRS26;emsedge;fmx;FireDACIBDriver;fmxdae;dxServerModeRS26;dxWizardControlRS26;dxCloudServiceLibraryRS26;dxPSdxFCLnkRS26;TeeMaker126;dxTabbedMDIRS26;dxPSLnksRS26;FireDACDBXDriver;dbexpress;IndyCore;cxGridRS26;dxComnRS26;dxPDFViewerRS26;vclx;dxPsPrVwAdvRS26;dxPScxTLLnkRS26;dsnap;emsclient;DataSnapCommon;FireDACCommon;RESTBackendComponents;DataSnapConnectors;cxSchedulerTreeBrowserRS26;dxADOServerModeRS26;TeeImport926;VCLRESTComponents;soapserver;cxPivotGridOLAPRS26;cxVerticalGridRS26;vclie;dxtrmdRS26;bindengine;DBXMySQLDriver;CloudService;FireDACOracleDriver;FireDACMySQLDriver;DBXFirebirdDriver;dxmdsRS26;dxPSdxLCLnkRS26;dxdborRS26;cxSchedulerRS26;FireDACCommonODBC;FireDACCommonDriver;dxMapControlRS26;DataSnapClient;cxSchedulerWebServiceStorageRS26;TeeUI926;inet;dxSpellCheckerRS26;dxFireDACServerModeRS26;IndyIPCommon;GR32_D;dxSpreadSheetCoreConditionalFormattingDialogsRS26;vcl;IndyIPServer;DBXSybaseASEDriver;cxPivotGridRS26;dxPSdxDBOCLnkRS26;IndySystem;TeePro926;FireDACDb2Driver;dxSpreadSheetReportDesignerRS26;cxTreeListdxBarPopupMenuRS26;dsnapcon;cxTreeListRS26;dxPScxPCProdRS26;dxPScxPivotGridLnkRS26;cxSchedulerRibbonStyleEventEditorRS26;dxPSCoreRS26;dxNavBarRS26;FireDACMSAccDriver;fmxFireDAC;FireDACInfxDriver;vclimg;dxCoreRS26;dxBarExtItemsRS26;FireDAC;dxHttpIndyRequestRS26;dxSpreadSheetRS26;cxExportRS26;emshosting;dxPSdxGaugeControlLnkRS26;dxPSPrVwRibbonRS26;TeeImage926;Tee926;FireDACSqliteDriver;FireDACPgDriver;dxPSRichEditControlLnkRS26;FireDACASADriver;TeeLanguage926;DBXOdbcDriver;FireDACTDataDriver;dxdbtrRS26;cxPivotGridChartRS26;dxRichEditControlCoreRS26;soaprtl;DbxCommonDriver;dxFlowChartAdvancedCustomizeFormRS26;TeeDB926;madBasic_;madExcept_;dxDockingRS26;DataSnapServer;xmlrtl;soapmidas;DataSnapNativeClient;fmxobj;vclwinx;FireDACDSDriver;rtl;emsserverresource;DbxClientDriver;GR32_R;DBXSybaseASADriver;cxLibraryRS26;CustomIPTransport;vcldsnap;dxTileControlRS26;dxSkinsCoreRS26;dxSpreadSheetConditionalFormattingDialogsRS26;dxPScxSchedulerLnkRS26;dxPSdxDBTVLnkRS26;madDisAsm_;appanalytics;dxPSdxOCLnkRS26;DBXInformixDriver;dxRibbonCustomizationFormRS26;cxSchedulerGridRS26;IndyIPClient;IFxEditors;dxFlowChartLayoutsRS26;SynEdit_R;dbxcds;VclSmp;adortl;FireDACODBCDriver;dxRibbonRS26;DataSnapIndy10ServerTransport;dxPScxCommonRS26;dxRichEditDocumentModelRS26;dxBarExtDBItemsRS26;dsnapxml;DataSnapProviderClient;dbrtl;IndyProtocols;inetdbxpress;FireDACMongoDBDriver;dxPScxGridLnkRS26;dxPSdxPDFViewerLnkRS26;dxFlowChartDesignerRS26;dxSpreadSheetCoreRS26;TeeWorld926;DataSnapServerMidas;$(DCC_UsePackage)</DCC_UsePackage>
        <Manifest_File>(None)</Manifest_File>
    </PropertyGroup>
    <PropertyGroup Condition="'$(Base_Win64)'!=''">
        <AppDPIAwarenessMode>none</AppDPIAwarenessMode>
        <BT_BuildType>Debug</BT_BuildType>
        <DCC_ConsoleTarget>true</DCC_ConsoleTarget>
        <DCC_Namespace>Winapi;System.Win;Data.Win;Datasnap.Win;Web.Win;Soap.Win;Xml.Win;$(DCC_Namespace)</DCC_Namespace>
        <DCC_UsePackage>DBXSqliteDriver;RESTComponents;fmxase;DBXDb2Driver;DBXInterBaseDriver;dxFlowChartRS26;dxPSdxMapControlLnkRS26;vclactnband;dxBarRS26;vclFireDAC;dxPScxExtCommonRS26;emsclientfiredac;tethering;DataSnapFireDAC;FireDACADSDriver;DBXMSSQLDriver;dxRichEditCoreRS26;dxPSdxSpreadSheetLnkRS26;dxRichEditControlRS26;DatasnapConnectorsFreePascal;FireDACMSSQLDriver;dxGaugeControlRS26;vcltouch;dxorgcRS26;dxPScxVGridLnkRS26;vcldb;DBXOracleDriver;dxOrgChartAdvancedCustomizeFormRS26;inetdb;dxBarDBNavRS26;dxDBXServerModeRS26;dxGDIPlusRS26;emsedge;fmx;FireDACIBDriver;fmxdae;dxServerModeRS26;dxWizardControlRS26;dxCloudServiceLibraryRS26;dxPSdxFCLnkRS26;dxTabbedMDIRS26;dxPSLnksRS26;FireDACDBXDriver;dbexpress;IndyCore;cxGridRS26;dxComnRS26;dxPDFViewerRS26;vclx;dxPsPrVwAdvRS26;dxPScxTLLnkRS26;dsnap;emsclient;DataSnapCommon;FireDACCommon;RESTBackendComponents;DataSnapConnectors;cxSchedulerTreeBrowserRS26;dxADOServerModeRS26;VCLRESTComponents;soapserver;cxPivotGridOLAPRS26;cxVerticalGridRS26;vclie;dxtrmdRS26;bindengine;DBXMySQLDriver;CloudService;FireDACOracleDriver;FireDACMySQLDriver;DBXFirebirdDriver;dxmdsRS26;dxPSdxLCLnkRS26;dxdborRS26;cxSchedulerRS26;FireDACCommonODBC;FireDACCommonDriver;dxMapControlRS26;DataSnapClient;cxSchedulerWebServiceStorageRS26;inet;dxSpellCheckerRS26;dxFireDACServerModeRS26;IndyIPCommon;dxSpreadSheetCoreConditionalFormattingDialogsRS26;vcl;IndyIPServer;DBXSybaseASEDriver;cxPivotGridRS26;dxPSdxDBOCLnkRS26;IndySystem;FireDACDb2Driver;dxSpreadSheetReportDesignerRS26;cxTreeListdxBarPopupMenuRS26;dsnapcon;cxTreeListRS26;dxPScxPCProdRS26;dxPScxPivotGridLnkRS26;cxSchedulerRibbonStyleEventEditorRS26;dxPSCoreRS26;dxNavBarRS26;FireDACMSAccDriver;fmxFireDAC;FireDACInfxDriver;vclimg;dxCoreRS26;dxBarExtItemsRS26;FireDAC;dxHttpIndyRequestRS26;dxSpreadSheetRS26;cxExportRS26;emshosting;dxPSdxGaugeControlLnkRS26;dxPSPrVwRibbonRS26;FireDACSqliteDriver;FireDACPgDriver;dxPSRichEditControlLnkRS26;FireDACASADriver;DBXOdbcDriver;FireDACTDataDriver;dxdbtrRS26;cxPivotGridChartRS26;dxRichEditControlCoreRS26;soaprtl;DbxCommonDriver;dxFlowChartAdvancedCustomizeFormRS26;dxDockingRS26;DataSnapServer;xmlrtl;soapmidas;DataSnapNativeClient;fmxobj;vclwinx;FireDACDSDriver;rtl;emsserverresource;DbxClientDriver;DBXSybaseASADriver;cxLibraryRS26;CustomIPTransport;vcldsnap;dxTileControlRS26;dxSkinsCoreRS26;dxSpreadSheetConditionalFormattingDialogsRS26;dxPScxSchedulerLnkRS26;dxPSdxDBTVLnkRS26;appanalytics;dxPSdxOCLnkRS26;DBXInformixDriver;dxRibbonCustomizationFormRS26;cxSchedulerGridRS26;IndyIPClient;dxFlowChartLayoutsRS26;SynEdit_R;dbxcds;VclSmp;adortl;FireDACODBCDriver;dxRibbonRS26;DataSnapIndy10ServerTransport;dxPScxCommonRS26;dxRichEditDocumentModelRS26;dxBarExtDBItemsRS26;dsnapxml;DataSnapProviderClient;dbrtl;IndyProtocols;inetdbxpress;FireDACMongoDBDriver;dxPScxGridLnkRS26;dxPSdxPDFViewerLnkRS26;dxFlowChartDesignerRS26;dxSpreadSheetCoreRS26;DataSnapServerMidas;$(DCC_UsePackage)</DCC_UsePackage>
        <Manifest_File>(None)</Manifest_File>
    </PropertyGroup>
    <PropertyGroup Condition="'$(Cfg_1)'!=''">
        <DCC_DebugDCUs>true</DCC_DebugDCUs>
        <DCC_DebugInfoInExe>true</DCC_DebugInfoInExe>
        <DCC_Define>DEBUG;$(DCC_Define)</DCC_Define>
        <DCC_GenerateStackFrames>true</DCC_GenerateStackFrames>
        <DCC_Optimize>false</DCC_Optimize>
    </PropertyGroup>
    <PropertyGroup Condition="'$(Cfg_1_Win32)'!=''">
        <DCC_IntegerOverflowCheck>true</DCC_IntegerOverflowCheck>
        <DCC_RangeChecking>true</DCC_RangeChecking>
        <DCC_UnitSearchPath>.\Externals\JEDI;$(DCC_UnitSearchPath)</DCC_UnitSearchPath>
        <Debugger_RunParams>-v test.map -bind</Debugger_RunParams>
    </PropertyGroup>
    <PropertyGroup Condition="'$(Cfg_2)'!=''">
        <DCC_DebugInformation>0</DCC_DebugInformation>
        <DCC_Define>RELEASE;$(DCC_Define)</DCC_Define>
        <DCC_ImageBase>300000</DCC_ImageBase>
        <DCC_LocalDebugSymbols>false</DCC_LocalDebugSymbols>
        <DCC_SymbolReferenceInfo>0</DCC_SymbolReferenceInfo>
    </PropertyGroup>
    <PropertyGroup Condition="'$(Cfg_2_Win32)'!=''">
        <DCC_DebugInformation>2</DCC_DebugInformation>
        <DCC_LocalDebugSymbols>true</DCC_LocalDebugSymbols>
        <Debugger_RunParams>map2pdb.map -pause -v</Debugger_RunParams>
    </PropertyGroup>
    <PropertyGroup Condition="'$(Cfg_2_Win64)'!=''">
        <DCC_DebugInformation>2</DCC_DebugInformation>
        <DCC_LocalDebugSymbols>true</DCC_LocalDebugSymbols>
        <Debugger_RunParams>map2pdb.map -pause -v</Debugger_RunParams>
    </PropertyGroup>
    <ItemGroup>
        <DelphiCompile Include="$(MainSource)">
            <MainSource>MainSource</MainSource>
        </DelphiCompile>
        <DCCReference Include="debug.info.pas"/>
        <DCCReference Include="debug.info.writer.pas"/>
        <DCCReference Include="debug.info.writer.pdb.pas"/>
        <DCCReference Include="debug.info.writer.yaml.pas"/>
        <DCCReference Include="debug.info.reader.pas"/>
        <DCCReference Include="debug.info.reader.factory.pas"/>
        <DCCReference Include="debug.info.reader.map.pas"/>
        <DCCReference Include="debug.info.reader.elfmap.pas"/>
        <DCCReference Include="debug.info.reader.test.pas"/>
        <DCCReference Include="debug.info.reader.jdbg.pas"/>
        <DCCReference Include="debug.info.codeview.pas"/>
        <DCCReference Include="debug.info.msf.pas"/>
        <DCCReference Include="debug.info.pdb.pas"/>
        <DCCReference Include="debug.info.pdb.bind.pas"/>
        <DCCReference Include="debug.info.log.pas"/>
        <DCCReference Include="debug.info.utilities.pas"/>
        <BuildConfiguration Include="Base">
            <Key>Base</Key>
        </BuildConfiguration>
        <BuildConfiguration Include="Debug">
            <Key>Cfg_1</Key>
            <CfgParent>Base</CfgParent>
        </BuildConfiguration>
        <BuildConfiguration Include="Release">
            <Key>Cfg_2</Key>
            <CfgParent>Base</CfgParent>
        </BuildConfiguration>
    </ItemGroup>
    <ProjectExtensions>
        <Borland.Personality>Delphi.Personality.12</Borland.Personality>
        <Borland.ProjectType>Application</Borland.ProjectType>
        <BorlandProject>
            <Delphi.Personality>
                <Source>
                    <Source Name="MainSource">map2pdb.dpr</Source>
                </Source>
                <Excluded_Packages/>
            </Delphi.Personality>
            <Platforms>
                <Platform value="Android">False</Platform>
                <Platform value="Android64">False</Platform>
                <Platform value="Linux64">False</Platform>
                <Platform value="OSX64">False</Platform>
                <Platform value="OSXARM64">False</Platform>
                <Platform value="Win32">True</Platform>
                <Platform value="Win64">True</Platform>
                <Platform value="iOSDevice64">False</Platform>
                <Platform value="iOSSimARM64">False</Platform>
            </Platforms>
        </BorlandProject>
        <ProjectFileVersion>12</ProjectFileVersion>
    </ProjectExtensions>
    <Import Project="$(BDS)\Bin\CodeGear.Delphi.Targets" Condition="Exists('$(BDS)\Bin\CodeGear.Delphi.Targets')"/>
    <Import Project="$(APPDATA)\Embarcadero\$(BDSAPPDATABASEDIR)\$(PRODUCTVERSION)\UserTools.proj" Condition="Exists('$(APPDATA)\Embarcadero\$(BDSAPPDATABASEDIR)\$(PRODUCTVERSION)\UserTools.proj')"/>
    <Import Project="$(MSBuildProjectName).deployproj" Condition="Exists('$(MSBuildProjectName).deployproj')"/>
</Project>
